
Microsoft Visual Studio Solution File, Format Version 12.00
# Visual Studio 2015
Project("{FAE04EC0-301F-11D3-BF4B-00C04F79EFBC}") = "RedirectedWalkingUnityProject", "RedirectedWalkingUnityProject.csproj", "{EF751540-763A-F372-C22B-73C10CCB2C77}"
EndProject
Project("{FAE04EC0-301F-11D3-BF4B-00C04F79EFBC}") = "RedirectedWalkingUnityProject.Editor", "RedirectedWalkingUnityProject.Editor.csproj", "{4050B413-D00C-D689-B6E1-7356D18F9D6E}"
EndProject
Global
	GlobalSection(SolutionConfigurationPlatforms) = preSolution
		Debug|Any CPU = Debug|Any CPU
		Release|Any CPU = Release|Any CPU
	EndGlobalSection
	GlobalSection(ProjectConfigurationPlatforms) = postSolution
		{EF751540-763A-F372-C22B-73C10CCB2C77}.Debug|Any CPU.ActiveCfg = Debug|Any CPU
		{EF751540-763A-F372-C22B-73C10CCB2C77}.Debug|Any CPU.Build.0 = Debug|Any CPU
		{EF751540-763A-F372-C22B-73C10CCB2C77}.Release|Any CPU.ActiveCfg = Release|Any CPU
		{EF751540-763A-F372-C22B-73C10CCB2C77}.Release|Any CPU.Build.0 = Release|Any CPU
		{4050B413-D00C-D689-B6E1-7356D18F9D6E}.Debug|Any CPU.ActiveCfg = Debug|Any CPU
		{4050B413-D00C-D689-B6E1-7356D18F9D6E}.Debug|Any CPU.Build.0 = Debug|Any CPU
		{4050B413-D00C-D689-B6E1-7356D18F9D6E}.Release|Any CPU.ActiveCfg = Release|Any CPU
		{4050B413-D00C-D689-B6E1-7356D18F9D6E}.Release|Any CPU.Build.0 = Release|Any CPU
	EndGlobalSection
	GlobalSection(SolutionProperties) = preSolution
		HideSolutionNode = FALSE
	EndGlobalSection
EndGlobal
